
Microsoft Visual Studio Solution File, Format Version 12.00
# Visual Studio 15
VisualStudioVersion = 15.0.27703.2042
MinimumVisualStudioVersion = 10.0.40219.1
Project("{FAE04EC0-301F-11D3-BF4B-00C04F79EFBC}") = "SuccinctWork.OA.Standard", "SuccinctWork.OA.Standard\SuccinctWork.OA.Standard.csproj", "{EDF4902F-E1E1-4039-85AD-B6B7DD7A63AB}"
EndProject
Project("{FAE04EC0-301F-11D3-BF4B-00C04F79EFBC}") = "SuccinctWork.OA.Standard.Tests", "SuccinctWork.OA.Standard.Tests\SuccinctWork.OA.Standard.Tests.csproj", "{97FD11CF-F60F-4BFC-91FE-23A377433883}"
EndProject
Global
	GlobalSection(SolutionConfigurationPlatforms) = preSolution
		Debug|Any CPU = Debug|Any CPU
		Release|Any CPU = Release|Any CPU
	EndGlobalSection
	GlobalSection(ProjectConfigurationPlatforms) = postSolution
		{EDF4902F-E1E1-4039-85AD-B6B7DD7A63AB}.Debug|Any CPU.ActiveCfg = Debug|Any CPU
		{EDF4902F-E1E1-4039-85AD-B6B7DD7A63AB}.Debug|Any CPU.Build.0 = Debug|Any CPU
		{EDF4902F-E1E1-4039-85AD-B6B7DD7A63AB}.Release|Any CPU.ActiveCfg = Release|Any CPU
		{EDF4902F-E1E1-4039-85AD-B6B7DD7A63AB}.Release|Any CPU.Build.0 = Release|Any CPU
		{97FD11CF-F60F-4BFC-91FE-23A377433883}.Debug|Any CPU.ActiveCfg = Debug|Any CPU
		{97FD11CF-F60F-4BFC-91FE-23A377433883}.Debug|Any CPU.Build.0 = Debug|Any CPU
		{97FD11CF-F60F-4BFC-91FE-23A377433883}.Release|Any CPU.ActiveCfg = Release|Any CPU
		{97FD11CF-F60F-4BFC-91FE-23A377433883}.Release|Any CPU.Build.0 = Release|Any CPU
	EndGlobalSection
	GlobalSection(SolutionProperties) = preSolution
		HideSolutionNode = FALSE
	EndGlobalSection
	GlobalSection(ExtensibilityGlobals) = postSolution
		SolutionGuid = {FE8ED9B5-7077-43BA-9721-1106236051E6}
	EndGlobalSection
EndGlobal
